
Microsoft Visual Studio Solution File, Format Version 12.00
# Visual Studio Version 17
VisualStudioVersion = 17.7.34031.279
MinimumVisualStudioVersion = 10.0.40219.1
Project("{9A19103F-16F7-4668-BE54-9A1E7A4F7556}") = "MachineLearningFacialRecognition.FaceRegService", "MachineLearningFacialRecognition.FaceRegService\MachineLearningFacialRecognition.FaceRegService.csproj", "{3BC96F58-6F00-49CE-A18F-EBD4E4895B85}"
EndProject
Project("{9A19103F-16F7-4668-BE54-9A1E7A4F7556}") = "MachineLearningFacialRecognition.FileHandler", "MachineLearningFacialRecognition.FileHandler\MachineLearningFacialRecognition.FileHandler.csproj", "{FA1B209B-ED9E-4477-A49D-0B88EEBD7D50}"
EndProject
Project("{9A19103F-16F7-4668-BE54-9A1E7A4F7556}") = "MachineLearningFacialRecognition.Web", "MachineLearningFacialRecognition.Web\MachineLearningFacialRecognition.Web.csproj", "{D8864118-5D33-422C-9DF2-5A3D4D2E527B}"
EndProject
Global
	GlobalSection(SolutionConfigurationPlatforms) = preSolution
		Debug|Any CPU = Debug|Any CPU
		Release|Any CPU = Release|Any CPU
	EndGlobalSection
	GlobalSection(ProjectConfigurationPlatforms) = postSolution
		{3BC96F58-6F00-49CE-A18F-EBD4E4895B85}.Debug|Any CPU.ActiveCfg = Debug|Any CPU
		{3BC96F58-6F00-49CE-A18F-EBD4E4895B85}.Debug|Any CPU.Build.0 = Debug|Any CPU
		{3BC96F58-6F00-49CE-A18F-EBD4E4895B85}.Release|Any CPU.ActiveCfg = Release|Any CPU
		{3BC96F58-6F00-49CE-A18F-EBD4E4895B85}.Release|Any CPU.Build.0 = Release|Any CPU
		{FA1B209B-ED9E-4477-A49D-0B88EEBD7D50}.Debug|Any CPU.ActiveCfg = Debug|Any CPU
		{FA1B209B-ED9E-4477-A49D-0B88EEBD7D50}.Debug|Any CPU.Build.0 = Debug|Any CPU
		{FA1B209B-ED9E-4477-A49D-0B88EEBD7D50}.Release|Any CPU.ActiveCfg = Release|Any CPU
		{FA1B209B-ED9E-4477-A49D-0B88EEBD7D50}.Release|Any CPU.Build.0 = Release|Any CPU
		{D8864118-5D33-422C-9DF2-5A3D4D2E527B}.Debug|Any CPU.ActiveCfg = Debug|Any CPU
		{D8864118-5D33-422C-9DF2-5A3D4D2E527B}.Debug|Any CPU.Build.0 = Debug|Any CPU
		{D8864118-5D33-422C-9DF2-5A3D4D2E527B}.Release|Any CPU.ActiveCfg = Release|Any CPU
		{D8864118-5D33-422C-9DF2-5A3D4D2E527B}.Release|Any CPU.Build.0 = Release|Any CPU
	EndGlobalSection
	GlobalSection(SolutionProperties) = preSolution
		HideSolutionNode = FALSE
	EndGlobalSection
	GlobalSection(ExtensibilityGlobals) = postSolution
		SolutionGuid = {5B9D4856-856A-441B-8F54-788CA4C5D550}
	EndGlobalSection
EndGlobal
